
Microsoft Visual Studio Solution File, Format Version 12.00
# Visual Studio Version 17
VisualStudioVersion = 17.2.32602.215
MinimumVisualStudioVersion = 10.0.40219.1
Project("{FAE04EC0-301F-11D3-BF4B-00C04F79EFBC}") = "01. Sort Even Numbers", "01. Sort Even Numbers\01. Sort Even Numbers.csproj", "{90A8CE27-FD27-4272-86DA-F0573628C070}"
EndProject
Project("{FAE04EC0-301F-11D3-BF4B-00C04F79EFBC}") = "02. Sum Numbers", "02. Sum Numbers\02. Sum Numbers.csproj", "{FE2F27F0-90AB-4BFC-BCA2-46636B189D9F}"
EndProject
Project("{FAE04EC0-301F-11D3-BF4B-00C04F79EFBC}") = "03. Count Uppercase Words", "03. Count Uppercase Words\03. Count Uppercase Words.csproj", "{7219B634-E350-41CD-BB74-4D8BDC0A2DE3}"
EndProject
Project("{FAE04EC0-301F-11D3-BF4B-00C04F79EFBC}") = "04. Add VAT", "04. Add VAT\04. Add VAT.csproj", "{8A375EA3-6819-4762-98D5-2D66460102AD}"
EndProject
Project("{FAE04EC0-301F-11D3-BF4B-00C04F79EFBC}") = "05. Filter By Age", "05. Filter By Age\05. Filter By Age.csproj", "{70CC7D6E-9C80-4B14-8BEB-5989D8BC9D57}"
EndProject
Global
	GlobalSection(SolutionConfigurationPlatforms) = preSolution
		Debug|Any CPU = Debug|Any CPU
		Release|Any CPU = Release|Any CPU
	EndGlobalSection
	GlobalSection(ProjectConfigurationPlatforms) = postSolution
		{90A8CE27-FD27-4272-86DA-F0573628C070}.Debug|Any CPU.ActiveCfg = Debug|Any CPU
		{90A8CE27-FD27-4272-86DA-F0573628C070}.Debug|Any CPU.Build.0 = Debug|Any CPU
		{90A8CE27-FD27-4272-86DA-F0573628C070}.Release|Any CPU.ActiveCfg = Release|Any CPU
		{90A8CE27-FD27-4272-86DA-F0573628C070}.Release|Any CPU.Build.0 = Release|Any CPU
		{FE2F27F0-90AB-4BFC-BCA2-46636B189D9F}.Debug|Any CPU.ActiveCfg = Debug|Any CPU
		{FE2F27F0-90AB-4BFC-BCA2-46636B189D9F}.Debug|Any CPU.Build.0 = Debug|Any CPU
		{FE2F27F0-90AB-4BFC-BCA2-46636B189D9F}.Release|Any CPU.ActiveCfg = Release|Any CPU
		{FE2F27F0-90AB-4BFC-BCA2-46636B189D9F}.Release|Any CPU.Build.0 = Release|Any CPU
		{7219B634-E350-41CD-BB74-4D8BDC0A2DE3}.Debug|Any CPU.ActiveCfg = Debug|Any CPU
		{7219B634-E350-41CD-BB74-4D8BDC0A2DE3}.Debug|Any CPU.Build.0 = Debug|Any CPU
		{7219B634-E350-41CD-BB74-4D8BDC0A2DE3}.Release|Any CPU.ActiveCfg = Release|Any CPU
		{7219B634-E350-41CD-BB74-4D8BDC0A2DE3}.Release|Any CPU.Build.0 = Release|Any CPU
		{8A375EA3-6819-4762-98D5-2D66460102AD}.Debug|Any CPU.ActiveCfg = Debug|Any CPU
		{8A375EA3-6819-4762-98D5-2D66460102AD}.Debug|Any CPU.Build.0 = Debug|Any CPU
		{8A375EA3-6819-4762-98D5-2D66460102AD}.Release|Any CPU.ActiveCfg = Release|Any CPU
		{8A375EA3-6819-4762-98D5-2D66460102AD}.Release|Any CPU.Build.0 = Release|Any CPU
		{70CC7D6E-9C80-4B14-8BEB-5989D8BC9D57}.Debug|Any CPU.ActiveCfg = Debug|Any CPU
		{70CC7D6E-9C80-4B14-8BEB-5989D8BC9D57}.Debug|Any CPU.Build.0 = Debug|Any CPU
		{70CC7D6E-9C80-4B14-8BEB-5989D8BC9D57}.Release|Any CPU.ActiveCfg = Release|Any CPU
		{70CC7D6E-9C80-4B14-8BEB-5989D8BC9D57}.Release|Any CPU.Build.0 = Release|Any CPU
	EndGlobalSection
	GlobalSection(SolutionProperties) = preSolution
		HideSolutionNode = FALSE
	EndGlobalSection
	GlobalSection(ExtensibilityGlobals) = postSolution
		SolutionGuid = {5F43BC5F-7A17-4899-AEBC-F48CFDAD058A}
	EndGlobalSection
EndGlobal
