
Microsoft Visual Studio Solution File, Format Version 12.00
# Visual Studio Version 17
VisualStudioVersion = 17.2.32602.215
MinimumVisualStudioVersion = 10.0.40219.1
Project("{9A19103F-16F7-4668-BE54-9A1E7A4F7556}") = "01.Box", "01. Box\01.Box.csproj", "{0DFE0A31-2917-48CA-93BC-3B9026670B51}"
EndProject
Project("{FAE04EC0-301F-11D3-BF4B-00C04F79EFBC}") = "02. Array Creator", "02. Array Creator\02. Array Creator.csproj", "{30AABEB1-1EEB-4731-AE31-46ED2ADAFEA6}"
EndProject
Project("{FAE04EC0-301F-11D3-BF4B-00C04F79EFBC}") = "03. Generic Scale", "03. Generic Scale\03. Generic Scale.csproj", "{AD80D159-5DAB-4668-8C33-FA51F6DAD7B4}"
EndProject
Global
	GlobalSection(SolutionConfigurationPlatforms) = preSolution
		Debug|Any CPU = Debug|Any CPU
		Release|Any CPU = Release|Any CPU
	EndGlobalSection
	GlobalSection(ProjectConfigurationPlatforms) = postSolution
		{0DFE0A31-2917-48CA-93BC-3B9026670B51}.Debug|Any CPU.ActiveCfg = Debug|Any CPU
		{0DFE0A31-2917-48CA-93BC-3B9026670B51}.Debug|Any CPU.Build.0 = Debug|Any CPU
		{0DFE0A31-2917-48CA-93BC-3B9026670B51}.Release|Any CPU.ActiveCfg = Release|Any CPU
		{0DFE0A31-2917-48CA-93BC-3B9026670B51}.Release|Any CPU.Build.0 = Release|Any CPU
		{30AABEB1-1EEB-4731-AE31-46ED2ADAFEA6}.Debug|Any CPU.ActiveCfg = Debug|Any CPU
		{30AABEB1-1EEB-4731-AE31-46ED2ADAFEA6}.Debug|Any CPU.Build.0 = Debug|Any CPU
		{30AABEB1-1EEB-4731-AE31-46ED2ADAFEA6}.Release|Any CPU.ActiveCfg = Release|Any CPU
		{30AABEB1-1EEB-4731-AE31-46ED2ADAFEA6}.Release|Any CPU.Build.0 = Release|Any CPU
		{AD80D159-5DAB-4668-8C33-FA51F6DAD7B4}.Debug|Any CPU.ActiveCfg = Debug|Any CPU
		{AD80D159-5DAB-4668-8C33-FA51F6DAD7B4}.Debug|Any CPU.Build.0 = Debug|Any CPU
		{AD80D159-5DAB-4668-8C33-FA51F6DAD7B4}.Release|Any CPU.ActiveCfg = Release|Any CPU
		{AD80D159-5DAB-4668-8C33-FA51F6DAD7B4}.Release|Any CPU.Build.0 = Release|Any CPU
	EndGlobalSection
	GlobalSection(SolutionProperties) = preSolution
		HideSolutionNode = FALSE
	EndGlobalSection
	GlobalSection(ExtensibilityGlobals) = postSolution
		SolutionGuid = {3EBB3486-D419-4DF9-8E9B-93CEEEC947C8}
	EndGlobalSection
EndGlobal
