
Microsoft Visual Studio Solution File, Format Version 12.00
# Visual Studio Version 17
VisualStudioVersion = 17.2.32602.215
MinimumVisualStudioVersion = 10.0.40219.1
Project("{9A19103F-16F7-4668-BE54-9A1E7A4F7556}") = "01. Tiles Master", "01. Tiles Master\01. Tiles Master.csproj", "{C5087285-DE0D-46B3-A1DE-F56339413643}"
EndProject
Project("{9A19103F-16F7-4668-BE54-9A1E7A4F7556}") = "02. Wall Destroyer", "02. Wall Destroyer\02. Wall Destroyer.csproj", "{383EC3CB-977C-4F9D-87DF-DC4F7EAD41AD}"
EndProject
Project("{9A19103F-16F7-4668-BE54-9A1E7A4F7556}") = "03. Renovators", "03. Renovators\03. Renovators.csproj", "{C455F9E3-4DFA-4BA0-8CB5-8590BF253FDF}"
EndProject
Project("{2150E333-8FDC-42A3-9474-1A3956D46DE8}") = "Preparation 01", "Preparation 01", "{F0875371-D5F8-4C48-B40E-94194911B9BD}"
EndProject
Project("{9A19103F-16F7-4668-BE54-9A1E7A4F7556}") = "01. Barista Contest", "01. Barista Contest\01. Barista Contest.csproj", "{9C613718-02B8-47FC-BA39-12008755691C}"
EndProject
Project("{9A19103F-16F7-4668-BE54-9A1E7A4F7556}") = "02. Help-A-Mole", "02. Help-A-Mole\02. Help-A-Mole.csproj", "{2DBC5DAA-A45C-40FA-B9BE-6B0977A3E6E5}"
EndProject
Project("{9A19103F-16F7-4668-BE54-9A1E7A4F7556}") = "03. Basketball", "03. Basketball\03. Basketball.csproj", "{AFD02338-8C1C-43E9-A334-44374FDD4F86}"
EndProject
Project("{2150E333-8FDC-42A3-9474-1A3956D46DE8}") = "Preparation 02", "Preparation 02", "{540DE6A8-779A-47D6-A313-F83DA634CE29}"
EndProject
Project("{9A19103F-16F7-4668-BE54-9A1E7A4F7556}") = "01. Meal Plan", "01. Meal Plan\01. Meal Plan.csproj", "{0D8D118B-F832-4715-81AD-2CAD67613379}"
EndProject
Project("{9A19103F-16F7-4668-BE54-9A1E7A4F7556}") = "02. Truffle Hunter", "02. Truffle Hunter\02. Truffle Hunter.csproj", "{CDAEA2CE-9768-4BF6-9531-B239825058B6}"
EndProject
Project("{9A19103F-16F7-4668-BE54-9A1E7A4F7556}") = "03. Zoo", "03. Zoo\03. Zoo.csproj", "{A8A4BAC9-5818-47C3-B62A-9822C89A084B}"
EndProject
Project("{2150E333-8FDC-42A3-9474-1A3956D46DE8}") = "Preparation 03", "Preparation 03", "{4233E33F-50BE-42D5-8243-645DE4E548E8}"
EndProject
Project("{9A19103F-16F7-4668-BE54-9A1E7A4F7556}") = "01. Food Finder", "01. Food Finder\01. Food Finder.csproj", "{8AD5A7D2-7969-44DE-988D-5D055400B720}"
EndProject
Project("{9A19103F-16F7-4668-BE54-9A1E7A4F7556}") = "02. Pawn Wars", "02. Pawn Wars\02. Pawn Wars.csproj", "{906EBD99-C00E-450E-B32D-0137FF9F7368}"
EndProject
Project("{9A19103F-16F7-4668-BE54-9A1E7A4F7556}") = "03. Stock Market", "03. Stock Market\03. Stock Market.csproj", "{4269C3E8-E3C9-4CDF-9610-1F60EEF99711}"
EndProject
Project("{2150E333-8FDC-42A3-9474-1A3956D46DE8}") = "Preparation 04", "Preparation 04", "{4D270C31-EB15-4018-B0DE-4BEC2EA35A3F}"
EndProject
Project("{9A19103F-16F7-4668-BE54-9A1E7A4F7556}") = "01. Bakery Shop", "01. Bakery Shop\01. Bakery Shop.csproj", "{4AA800B9-3667-4F80-96E1-7D93F5664BB4}"
EndProject
Project("{9A19103F-16F7-4668-BE54-9A1E7A4F7556}") = "02. Beaver at Work", "02. Beaver at Work\02. Beaver at Work.csproj", "{349380EC-B8C1-4354-B704-DDDE3B047A1C}"
EndProject
Project("{9A19103F-16F7-4668-BE54-9A1E7A4F7556}") = "03. Fishing Net", "03. Fishing Net\03. Fishing Net.csproj", "{44E6FAB2-2DE1-414A-B556-DBB17A9E788F}"
EndProject
Project("{2150E333-8FDC-42A3-9474-1A3956D46DE8}") = "Preparation 05", "Preparation 05", "{FAED0C07-61F4-4F06-B00A-D1D58403DA89}"
EndProject
Project("{9A19103F-16F7-4668-BE54-9A1E7A4F7556}") = "01. Blacksmith", "01. Blacksmith\01. Blacksmith.csproj", "{7CDD331A-EEFC-434E-900B-F3D1FCB7F927}"
EndProject
Project("{9A19103F-16F7-4668-BE54-9A1E7A4F7556}") = "02. Armory", "02. Armory\02. Armory.csproj", "{DB8FB645-C0A3-426B-9B1B-B33F4091CA5E}"
EndProject
Project("{9A19103F-16F7-4668-BE54-9A1E7A4F7556}") = "03. Drones", "03. Drones\03. Drones.csproj", "{9F48EF50-888F-4969-B9BC-A4A175A43DB2}"
EndProject
Project("{2150E333-8FDC-42A3-9474-1A3956D46DE8}") = "Preparation 06", "Preparation 06", "{0B3371F6-5D3A-424A-A5F8-444FAE47094B}"
EndProject
Project("{9A19103F-16F7-4668-BE54-9A1E7A4F7556}") = "01. Birthday Celebration", "01. Birthday Celebration\01. Birthday Celebration.csproj", "{11C79E15-6DBF-45EB-B0EB-43534D46D3C9}"
EndProject
Project("{9A19103F-16F7-4668-BE54-9A1E7A4F7556}") = "02. The Battle of The Five Armies", "02. The Battle of The Five Armies\02. The Battle of The Five Armies.csproj", "{5E6AB58C-931E-4A2C-8D18-A6E56B208DA4}"
EndProject
Project("{9A19103F-16F7-4668-BE54-9A1E7A4F7556}") = "03. Street Racing", "03. Street Racing\03. Street Racing.csproj", "{6819C838-784A-4948-BE2A-46F06809F9C9}"
EndProject
Project("{2150E333-8FDC-42A3-9474-1A3956D46DE8}") = "Preparation 07", "Preparation 07", "{7B7D8A68-A9D4-4A92-8AAE-0F573C333216}"
EndProject
Project("{9A19103F-16F7-4668-BE54-9A1E7A4F7556}") = "01.Masterchef", "01.Masterchef\01.Masterchef.csproj", "{AAC39F20-2DE3-4BA1-AEAB-66E833E67778}"
EndProject
Project("{9A19103F-16F7-4668-BE54-9A1E7A4F7556}") = "02.Survivor", "02.Survivor\02.Survivor.csproj", "{DB30C4EE-56E1-4B1E-B1FE-C1899F9759D9}"
EndProject
Project("{9A19103F-16F7-4668-BE54-9A1E7A4F7556}") = "03. Ski Rental", "03. Ski Rental\03. Ski Rental.csproj", "{86B883E9-012F-41F3-B6D1-4F4FEB4D7F8B}"
EndProject
Project("{2150E333-8FDC-42A3-9474-1A3956D46DE8}") = "Preparation 08", "Preparation 08", "{19B17F26-38AA-4452-817F-806B86D378E9}"
EndProject
Project("{9A19103F-16F7-4668-BE54-9A1E7A4F7556}") = "01. Lootbox", "01. Lootbox\01. Lootbox.csproj", "{B3745D00-8702-46BC-8172-E8785CC956AD}"
EndProject
Project("{9A19103F-16F7-4668-BE54-9A1E7A4F7556}") = "02. Re-Volt", "02. Re-Volt\02. Re-Volt.csproj", "{FA80EEAC-0AA5-490D-ADD9-F6108784C348}"
EndProject
Project("{9A19103F-16F7-4668-BE54-9A1E7A4F7556}") = "03. Guild", "03. Guild\03. Guild.csproj", "{C42FEBB9-206A-4C03-A544-B01F0D70A5FB}"
EndProject
Project("{2150E333-8FDC-42A3-9474-1A3956D46DE8}") = "Preparation 09", "Preparation 09", "{5C95CCD3-6F89-40AB-8B43-DF9D994E0107}"
EndProject
Project("{9A19103F-16F7-4668-BE54-9A1E7A4F7556}") = "01.Warm Winter", "01.Warm Winter\01.Warm Winter.csproj", "{A52FC2F2-501C-4BCD-8A26-3A5DFB1A3A7D}"
EndProject
Project("{9A19103F-16F7-4668-BE54-9A1E7A4F7556}") = "02.Super Mario", "02.Super Mario\02.Super Mario.csproj", "{700878E0-79BC-47F2-AA6B-BFC9729E7B59}"
EndProject
Project("{9A19103F-16F7-4668-BE54-9A1E7A4F7556}") = "03. Cocktail Party", "03. Cocktail Party\03. Cocktail Party.csproj", "{23179C51-1947-403A-A438-3FF85ECCA01A}"
EndProject
Project("{2150E333-8FDC-42A3-9474-1A3956D46DE8}") = "Preparation 10", "Preparation 10", "{47C94F83-93E4-4CBA-AB45-80A1F7F5B0B4}"
EndProject
Project("{9A19103F-16F7-4668-BE54-9A1E7A4F7556}") = "01. The Fight for Gondor", "01. The Fight for Gondor\01. The Fight for Gondor.csproj", "{75AACAC4-2A29-4D4F-96D1-4BD0AA62ABCC}"
EndProject
Project("{9A19103F-16F7-4668-BE54-9A1E7A4F7556}") = "02. Warships", "02. Warships\02. Warships.csproj", "{D423C992-27BA-4C38-8C11-00865D7F90F5}"
EndProject
Project("{9A19103F-16F7-4668-BE54-9A1E7A4F7556}") = "03. The Race", "03. The Race\03. The Race.csproj", "{DF96F144-96EE-4879-9941-51C486A82B98}"
EndProject
Project("{2150E333-8FDC-42A3-9474-1A3956D46DE8}") = "Preparation 11", "Preparation 11", "{F2DF8D5B-D476-4A32-91F0-56E6EEA13F84}"
EndProject
Project("{9A19103F-16F7-4668-BE54-9A1E7A4F7556}") = "01. Cooking", "01. Cooking\01. Cooking.csproj", "{2A61A6D8-8ED6-4966-A2CB-73407F6F6C04}"
EndProject
Project("{9A19103F-16F7-4668-BE54-9A1E7A4F7556}") = "02. Selling", "02. Selling\02. Selling.csproj", "{31EBD307-D290-47A9-B59B-AB8CDDB6D571}"
EndProject
Project("{9A19103F-16F7-4668-BE54-9A1E7A4F7556}") = "03. Openning", "03. Openning\03. Openning.csproj", "{D5C79554-3B58-4F2C-9880-BD661AC991E8}"
EndProject
Project("{2150E333-8FDC-42A3-9474-1A3956D46DE8}") = "Preparation 12", "Preparation 12", "{0435A50D-EDF5-424C-B212-F0D638BB13F3}"
EndProject
Project("{9A19103F-16F7-4668-BE54-9A1E7A4F7556}") = "01. Scheduling", "01. Scheduling\01. Scheduling.csproj", "{ADC9DB4B-882C-443C-A515-5997D8769EC4}"
EndProject
Project("{9A19103F-16F7-4668-BE54-9A1E7A4F7556}") = "02. Garden", "02. Garden\02. Garden.csproj", "{4C7E561A-2F26-48C5-8DDD-6A732BED23ED}"
EndProject
Project("{9A19103F-16F7-4668-BE54-9A1E7A4F7556}") = "03. Classroom", "03. Classroom\03. Classroom.csproj", "{C4210B16-F7A8-46CB-AF4B-90CCBB820BC7}"
EndProject
Project("{2150E333-8FDC-42A3-9474-1A3956D46DE8}") = "Preparation 13", "Preparation 13", "{39E51832-0E0D-44E9-8CD9-715383650C65}"
EndProject
Project("{9A19103F-16F7-4668-BE54-9A1E7A4F7556}") = "01. Flower Wreaths", "01. Flower Wreaths\01. Flower Wreaths.csproj", "{8CD311CA-430A-421E-9CF8-E78E676D8A54}"
EndProject
Project("{9A19103F-16F7-4668-BE54-9A1E7A4F7556}") = "02. Bee", "02. Bee\02. Bee.csproj", "{84CE59E1-40F2-4A4E-B51A-F39142911E6F}"
EndProject
Project("{9A19103F-16F7-4668-BE54-9A1E7A4F7556}") = "03. VetClinic", "03. VetClinic\03. VetClinic.csproj", "{899766D6-7525-4F43-90BA-01C427919EA0}"
EndProject
Project("{2150E333-8FDC-42A3-9474-1A3956D46DE8}") = "Preparation 14", "Preparation 14", "{0D456741-281A-4505-9689-9E9F96BB8103}"
EndProject
Project("{FAE04EC0-301F-11D3-BF4B-00C04F79EFBC}") = "01. Bombs", "01. Bombs\01. Bombs.csproj", "{685B54BC-6E55-490B-9945-D7E40779CE61}"
EndProject
Project("{FAE04EC0-301F-11D3-BF4B-00C04F79EFBC}") = "02. Snake", "02. Snake\02. Snake.csproj", "{7EF46F8A-7946-4FDA-AF6F-4F80EEB2FADA}"
EndProject
Project("{FAE04EC0-301F-11D3-BF4B-00C04F79EFBC}") = "03. Parking", "03. Parking\03. Parking.csproj", "{A4C0EB14-6584-4CBF-B3AA-0329828C3566}"
EndProject
Project("{2150E333-8FDC-42A3-9474-1A3956D46DE8}") = "Preparation 15", "Preparation 15", "{E270C274-5D09-42B0-B041-771031F33887}"
EndProject
Global
	GlobalSection(SolutionConfigurationPlatforms) = preSolution
		Debug|Any CPU = Debug|Any CPU
		Release|Any CPU = Release|Any CPU
	EndGlobalSection
	GlobalSection(ProjectConfigurationPlatforms) = postSolution
		{C5087285-DE0D-46B3-A1DE-F56339413643}.Debug|Any CPU.ActiveCfg = Debug|Any CPU
		{C5087285-DE0D-46B3-A1DE-F56339413643}.Debug|Any CPU.Build.0 = Debug|Any CPU
		{C5087285-DE0D-46B3-A1DE-F56339413643}.Release|Any CPU.ActiveCfg = Release|Any CPU
		{C5087285-DE0D-46B3-A1DE-F56339413643}.Release|Any CPU.Build.0 = Release|Any CPU
		{383EC3CB-977C-4F9D-87DF-DC4F7EAD41AD}.Debug|Any CPU.ActiveCfg = Debug|Any CPU
		{383EC3CB-977C-4F9D-87DF-DC4F7EAD41AD}.Debug|Any CPU.Build.0 = Debug|Any CPU
		{383EC3CB-977C-4F9D-87DF-DC4F7EAD41AD}.Release|Any CPU.ActiveCfg = Release|Any CPU
		{383EC3CB-977C-4F9D-87DF-DC4F7EAD41AD}.Release|Any CPU.Build.0 = Release|Any CPU
		{C455F9E3-4DFA-4BA0-8CB5-8590BF253FDF}.Debug|Any CPU.ActiveCfg = Debug|Any CPU
		{C455F9E3-4DFA-4BA0-8CB5-8590BF253FDF}.Debug|Any CPU.Build.0 = Debug|Any CPU
		{C455F9E3-4DFA-4BA0-8CB5-8590BF253FDF}.Release|Any CPU.ActiveCfg = Release|Any CPU
		{C455F9E3-4DFA-4BA0-8CB5-8590BF253FDF}.Release|Any CPU.Build.0 = Release|Any CPU
		{9C613718-02B8-47FC-BA39-12008755691C}.Debug|Any CPU.ActiveCfg = Debug|Any CPU
		{9C613718-02B8-47FC-BA39-12008755691C}.Debug|Any CPU.Build.0 = Debug|Any CPU
		{9C613718-02B8-47FC-BA39-12008755691C}.Release|Any CPU.ActiveCfg = Release|Any CPU
		{9C613718-02B8-47FC-BA39-12008755691C}.Release|Any CPU.Build.0 = Release|Any CPU
		{2DBC5DAA-A45C-40FA-B9BE-6B0977A3E6E5}.Debug|Any CPU.ActiveCfg = Debug|Any CPU
		{2DBC5DAA-A45C-40FA-B9BE-6B0977A3E6E5}.Debug|Any CPU.Build.0 = Debug|Any CPU
		{2DBC5DAA-A45C-40FA-B9BE-6B0977A3E6E5}.Release|Any CPU.ActiveCfg = Release|Any CPU
		{2DBC5DAA-A45C-40FA-B9BE-6B0977A3E6E5}.Release|Any CPU.Build.0 = Release|Any CPU
		{AFD02338-8C1C-43E9-A334-44374FDD4F86}.Debug|Any CPU.ActiveCfg = Debug|Any CPU
		{AFD02338-8C1C-43E9-A334-44374FDD4F86}.Debug|Any CPU.Build.0 = Debug|Any CPU
		{AFD02338-8C1C-43E9-A334-44374FDD4F86}.Release|Any CPU.ActiveCfg = Release|Any CPU
		{AFD02338-8C1C-43E9-A334-44374FDD4F86}.Release|Any CPU.Build.0 = Release|Any CPU
		{0D8D118B-F832-4715-81AD-2CAD67613379}.Debug|Any CPU.ActiveCfg = Debug|Any CPU
		{0D8D118B-F832-4715-81AD-2CAD67613379}.Debug|Any CPU.Build.0 = Debug|Any CPU
		{0D8D118B-F832-4715-81AD-2CAD67613379}.Release|Any CPU.ActiveCfg = Release|Any CPU
		{0D8D118B-F832-4715-81AD-2CAD67613379}.Release|Any CPU.Build.0 = Release|Any CPU
		{CDAEA2CE-9768-4BF6-9531-B239825058B6}.Debug|Any CPU.ActiveCfg = Debug|Any CPU
		{CDAEA2CE-9768-4BF6-9531-B239825058B6}.Debug|Any CPU.Build.0 = Debug|Any CPU
		{CDAEA2CE-9768-4BF6-9531-B239825058B6}.Release|Any CPU.ActiveCfg = Release|Any CPU
		{CDAEA2CE-9768-4BF6-9531-B239825058B6}.Release|Any CPU.Build.0 = Release|Any CPU
		{A8A4BAC9-5818-47C3-B62A-9822C89A084B}.Debug|Any CPU.ActiveCfg = Debug|Any CPU
		{A8A4BAC9-5818-47C3-B62A-9822C89A084B}.Debug|Any CPU.Build.0 = Debug|Any CPU
		{A8A4BAC9-5818-47C3-B62A-9822C89A084B}.Release|Any CPU.ActiveCfg = Release|Any CPU
		{A8A4BAC9-5818-47C3-B62A-9822C89A084B}.Release|Any CPU.Build.0 = Release|Any CPU
		{8AD5A7D2-7969-44DE-988D-5D055400B720}.Debug|Any CPU.ActiveCfg = Debug|Any CPU
		{8AD5A7D2-7969-44DE-988D-5D055400B720}.Debug|Any CPU.Build.0 = Debug|Any CPU
		{8AD5A7D2-7969-44DE-988D-5D055400B720}.Release|Any CPU.ActiveCfg = Release|Any CPU
		{8AD5A7D2-7969-44DE-988D-5D055400B720}.Release|Any CPU.Build.0 = Release|Any CPU
		{906EBD99-C00E-450E-B32D-0137FF9F7368}.Debug|Any CPU.ActiveCfg = Debug|Any CPU
		{906EBD99-C00E-450E-B32D-0137FF9F7368}.Debug|Any CPU.Build.0 = Debug|Any CPU
		{906EBD99-C00E-450E-B32D-0137FF9F7368}.Release|Any CPU.ActiveCfg = Release|Any CPU
		{906EBD99-C00E-450E-B32D-0137FF9F7368}.Release|Any CPU.Build.0 = Release|Any CPU
		{4269C3E8-E3C9-4CDF-9610-1F60EEF99711}.Debug|Any CPU.ActiveCfg = Debug|Any CPU
		{4269C3E8-E3C9-4CDF-9610-1F60EEF99711}.Debug|Any CPU.Build.0 = Debug|Any CPU
		{4269C3E8-E3C9-4CDF-9610-1F60EEF99711}.Release|Any CPU.ActiveCfg = Release|Any CPU
		{4269C3E8-E3C9-4CDF-9610-1F60EEF99711}.Release|Any CPU.Build.0 = Release|Any CPU
		{4AA800B9-3667-4F80-96E1-7D93F5664BB4}.Debug|Any CPU.ActiveCfg = Debug|Any CPU
		{4AA800B9-3667-4F80-96E1-7D93F5664BB4}.Debug|Any CPU.Build.0 = Debug|Any CPU
		{4AA800B9-3667-4F80-96E1-7D93F5664BB4}.Release|Any CPU.ActiveCfg = Release|Any CPU
		{4AA800B9-3667-4F80-96E1-7D93F5664BB4}.Release|Any CPU.Build.0 = Release|Any CPU
		{349380EC-B8C1-4354-B704-DDDE3B047A1C}.Debug|Any CPU.ActiveCfg = Debug|Any CPU
		{349380EC-B8C1-4354-B704-DDDE3B047A1C}.Debug|Any CPU.Build.0 = Debug|Any CPU
		{349380EC-B8C1-4354-B704-DDDE3B047A1C}.Release|Any CPU.ActiveCfg = Release|Any CPU
		{349380EC-B8C1-4354-B704-DDDE3B047A1C}.Release|Any CPU.Build.0 = Release|Any CPU
		{44E6FAB2-2DE1-414A-B556-DBB17A9E788F}.Debug|Any CPU.ActiveCfg = Debug|Any CPU
		{44E6FAB2-2DE1-414A-B556-DBB17A9E788F}.Debug|Any CPU.Build.0 = Debug|Any CPU
		{44E6FAB2-2DE1-414A-B556-DBB17A9E788F}.Release|Any CPU.ActiveCfg = Release|Any CPU
		{44E6FAB2-2DE1-414A-B556-DBB17A9E788F}.Release|Any CPU.Build.0 = Release|Any CPU
		{7CDD331A-EEFC-434E-900B-F3D1FCB7F927}.Debug|Any CPU.ActiveCfg = Debug|Any CPU
		{7CDD331A-EEFC-434E-900B-F3D1FCB7F927}.Debug|Any CPU.Build.0 = Debug|Any CPU
		{7CDD331A-EEFC-434E-900B-F3D1FCB7F927}.Release|Any CPU.ActiveCfg = Release|Any CPU
		{7CDD331A-EEFC-434E-900B-F3D1FCB7F927}.Release|Any CPU.Build.0 = Release|Any CPU
		{DB8FB645-C0A3-426B-9B1B-B33F4091CA5E}.Debug|Any CPU.ActiveCfg = Debug|Any CPU
		{DB8FB645-C0A3-426B-9B1B-B33F4091CA5E}.Debug|Any CPU.Build.0 = Debug|Any CPU
		{DB8FB645-C0A3-426B-9B1B-B33F4091CA5E}.Release|Any CPU.ActiveCfg = Release|Any CPU
		{DB8FB645-C0A3-426B-9B1B-B33F4091CA5E}.Release|Any CPU.Build.0 = Release|Any CPU
		{9F48EF50-888F-4969-B9BC-A4A175A43DB2}.Debug|Any CPU.ActiveCfg = Debug|Any CPU
		{9F48EF50-888F-4969-B9BC-A4A175A43DB2}.Debug|Any CPU.Build.0 = Debug|Any CPU
		{9F48EF50-888F-4969-B9BC-A4A175A43DB2}.Release|Any CPU.ActiveCfg = Release|Any CPU
		{9F48EF50-888F-4969-B9BC-A4A175A43DB2}.Release|Any CPU.Build.0 = Release|Any CPU
		{11C79E15-6DBF-45EB-B0EB-43534D46D3C9}.Debug|Any CPU.ActiveCfg = Debug|Any CPU
		{11C79E15-6DBF-45EB-B0EB-43534D46D3C9}.Debug|Any CPU.Build.0 = Debug|Any CPU
		{11C79E15-6DBF-45EB-B0EB-43534D46D3C9}.Release|Any CPU.ActiveCfg = Release|Any CPU
		{11C79E15-6DBF-45EB-B0EB-43534D46D3C9}.Release|Any CPU.Build.0 = Release|Any CPU
		{5E6AB58C-931E-4A2C-8D18-A6E56B208DA4}.Debug|Any CPU.ActiveCfg = Debug|Any CPU
		{5E6AB58C-931E-4A2C-8D18-A6E56B208DA4}.Debug|Any CPU.Build.0 = Debug|Any CPU
		{5E6AB58C-931E-4A2C-8D18-A6E56B208DA4}.Release|Any CPU.ActiveCfg = Release|Any CPU
		{5E6AB58C-931E-4A2C-8D18-A6E56B208DA4}.Release|Any CPU.Build.0 = Release|Any CPU
		{6819C838-784A-4948-BE2A-46F06809F9C9}.Debug|Any CPU.ActiveCfg = Debug|Any CPU
		{6819C838-784A-4948-BE2A-46F06809F9C9}.Debug|Any CPU.Build.0 = Debug|Any CPU
		{6819C838-784A-4948-BE2A-46F06809F9C9}.Release|Any CPU.ActiveCfg = Release|Any CPU
		{6819C838-784A-4948-BE2A-46F06809F9C9}.Release|Any CPU.Build.0 = Release|Any CPU
		{AAC39F20-2DE3-4BA1-AEAB-66E833E67778}.Debug|Any CPU.ActiveCfg = Debug|Any CPU
		{AAC39F20-2DE3-4BA1-AEAB-66E833E67778}.Debug|Any CPU.Build.0 = Debug|Any CPU
		{AAC39F20-2DE3-4BA1-AEAB-66E833E67778}.Release|Any CPU.ActiveCfg = Release|Any CPU
		{AAC39F20-2DE3-4BA1-AEAB-66E833E67778}.Release|Any CPU.Build.0 = Release|Any CPU
		{DB30C4EE-56E1-4B1E-B1FE-C1899F9759D9}.Debug|Any CPU.ActiveCfg = Debug|Any CPU
		{DB30C4EE-56E1-4B1E-B1FE-C1899F9759D9}.Debug|Any CPU.Build.0 = Debug|Any CPU
		{DB30C4EE-56E1-4B1E-B1FE-C1899F9759D9}.Release|Any CPU.ActiveCfg = Release|Any CPU
		{DB30C4EE-56E1-4B1E-B1FE-C1899F9759D9}.Release|Any CPU.Build.0 = Release|Any CPU
		{86B883E9-012F-41F3-B6D1-4F4FEB4D7F8B}.Debug|Any CPU.ActiveCfg = Debug|Any CPU
		{86B883E9-012F-41F3-B6D1-4F4FEB4D7F8B}.Debug|Any CPU.Build.0 = Debug|Any CPU
		{86B883E9-012F-41F3-B6D1-4F4FEB4D7F8B}.Release|Any CPU.ActiveCfg = Release|Any CPU
		{86B883E9-012F-41F3-B6D1-4F4FEB4D7F8B}.Release|Any CPU.Build.0 = Release|Any CPU
		{B3745D00-8702-46BC-8172-E8785CC956AD}.Debug|Any CPU.ActiveCfg = Debug|Any CPU
		{B3745D00-8702-46BC-8172-E8785CC956AD}.Debug|Any CPU.Build.0 = Debug|Any CPU
		{B3745D00-8702-46BC-8172-E8785CC956AD}.Release|Any CPU.ActiveCfg = Release|Any CPU
		{B3745D00-8702-46BC-8172-E8785CC956AD}.Release|Any CPU.Build.0 = Release|Any CPU
		{FA80EEAC-0AA5-490D-ADD9-F6108784C348}.Debug|Any CPU.ActiveCfg = Debug|Any CPU
		{FA80EEAC-0AA5-490D-ADD9-F6108784C348}.Debug|Any CPU.Build.0 = Debug|Any CPU
		{FA80EEAC-0AA5-490D-ADD9-F6108784C348}.Release|Any CPU.ActiveCfg = Release|Any CPU
		{FA80EEAC-0AA5-490D-ADD9-F6108784C348}.Release|Any CPU.Build.0 = Release|Any CPU
		{C42FEBB9-206A-4C03-A544-B01F0D70A5FB}.Debug|Any CPU.ActiveCfg = Debug|Any CPU
		{C42FEBB9-206A-4C03-A544-B01F0D70A5FB}.Debug|Any CPU.Build.0 = Debug|Any CPU
		{C42FEBB9-206A-4C03-A544-B01F0D70A5FB}.Release|Any CPU.ActiveCfg = Release|Any CPU
		{C42FEBB9-206A-4C03-A544-B01F0D70A5FB}.Release|Any CPU.Build.0 = Release|Any CPU
		{A52FC2F2-501C-4BCD-8A26-3A5DFB1A3A7D}.Debug|Any CPU.ActiveCfg = Debug|Any CPU
		{A52FC2F2-501C-4BCD-8A26-3A5DFB1A3A7D}.Debug|Any CPU.Build.0 = Debug|Any CPU
		{A52FC2F2-501C-4BCD-8A26-3A5DFB1A3A7D}.Release|Any CPU.ActiveCfg = Release|Any CPU
		{A52FC2F2-501C-4BCD-8A26-3A5DFB1A3A7D}.Release|Any CPU.Build.0 = Release|Any CPU
		{700878E0-79BC-47F2-AA6B-BFC9729E7B59}.Debug|Any CPU.ActiveCfg = Debug|Any CPU
		{700878E0-79BC-47F2-AA6B-BFC9729E7B59}.Debug|Any CPU.Build.0 = Debug|Any CPU
		{700878E0-79BC-47F2-AA6B-BFC9729E7B59}.Release|Any CPU.ActiveCfg = Release|Any CPU
		{700878E0-79BC-47F2-AA6B-BFC9729E7B59}.Release|Any CPU.Build.0 = Release|Any CPU
		{23179C51-1947-403A-A438-3FF85ECCA01A}.Debug|Any CPU.ActiveCfg = Debug|Any CPU
		{23179C51-1947-403A-A438-3FF85ECCA01A}.Debug|Any CPU.Build.0 = Debug|Any CPU
		{23179C51-1947-403A-A438-3FF85ECCA01A}.Release|Any CPU.ActiveCfg = Release|Any CPU
		{23179C51-1947-403A-A438-3FF85ECCA01A}.Release|Any CPU.Build.0 = Release|Any CPU
		{75AACAC4-2A29-4D4F-96D1-4BD0AA62ABCC}.Debug|Any CPU.ActiveCfg = Debug|Any CPU
		{75AACAC4-2A29-4D4F-96D1-4BD0AA62ABCC}.Debug|Any CPU.Build.0 = Debug|Any CPU
		{75AACAC4-2A29-4D4F-96D1-4BD0AA62ABCC}.Release|Any CPU.ActiveCfg = Release|Any CPU
		{75AACAC4-2A29-4D4F-96D1-4BD0AA62ABCC}.Release|Any CPU.Build.0 = Release|Any CPU
		{D423C992-27BA-4C38-8C11-00865D7F90F5}.Debug|Any CPU.ActiveCfg = Debug|Any CPU
		{D423C992-27BA-4C38-8C11-00865D7F90F5}.Debug|Any CPU.Build.0 = Debug|Any CPU
		{D423C992-27BA-4C38-8C11-00865D7F90F5}.Release|Any CPU.ActiveCfg = Release|Any CPU
		{D423C992-27BA-4C38-8C11-00865D7F90F5}.Release|Any CPU.Build.0 = Release|Any CPU
		{DF96F144-96EE-4879-9941-51C486A82B98}.Debug|Any CPU.ActiveCfg = Debug|Any CPU
		{DF96F144-96EE-4879-9941-51C486A82B98}.Debug|Any CPU.Build.0 = Debug|Any CPU
		{DF96F144-96EE-4879-9941-51C486A82B98}.Release|Any CPU.ActiveCfg = Release|Any CPU
		{DF96F144-96EE-4879-9941-51C486A82B98}.Release|Any CPU.Build.0 = Release|Any CPU
		{2A61A6D8-8ED6-4966-A2CB-73407F6F6C04}.Debug|Any CPU.ActiveCfg = Debug|Any CPU
		{2A61A6D8-8ED6-4966-A2CB-73407F6F6C04}.Debug|Any CPU.Build.0 = Debug|Any CPU
		{2A61A6D8-8ED6-4966-A2CB-73407F6F6C04}.Release|Any CPU.ActiveCfg = Release|Any CPU
		{2A61A6D8-8ED6-4966-A2CB-73407F6F6C04}.Release|Any CPU.Build.0 = Release|Any CPU
		{31EBD307-D290-47A9-B59B-AB8CDDB6D571}.Debug|Any CPU.ActiveCfg = Debug|Any CPU
		{31EBD307-D290-47A9-B59B-AB8CDDB6D571}.Debug|Any CPU.Build.0 = Debug|Any CPU
		{31EBD307-D290-47A9-B59B-AB8CDDB6D571}.Release|Any CPU.ActiveCfg = Release|Any CPU
		{31EBD307-D290-47A9-B59B-AB8CDDB6D571}.Release|Any CPU.Build.0 = Release|Any CPU
		{D5C79554-3B58-4F2C-9880-BD661AC991E8}.Debug|Any CPU.ActiveCfg = Debug|Any CPU
		{D5C79554-3B58-4F2C-9880-BD661AC991E8}.Debug|Any CPU.Build.0 = Debug|Any CPU
		{D5C79554-3B58-4F2C-9880-BD661AC991E8}.Release|Any CPU.ActiveCfg = Release|Any CPU
		{D5C79554-3B58-4F2C-9880-BD661AC991E8}.Release|Any CPU.Build.0 = Release|Any CPU
		{ADC9DB4B-882C-443C-A515-5997D8769EC4}.Debug|Any CPU.ActiveCfg = Debug|Any CPU
		{ADC9DB4B-882C-443C-A515-5997D8769EC4}.Debug|Any CPU.Build.0 = Debug|Any CPU
		{ADC9DB4B-882C-443C-A515-5997D8769EC4}.Release|Any CPU.ActiveCfg = Release|Any CPU
		{ADC9DB4B-882C-443C-A515-5997D8769EC4}.Release|Any CPU.Build.0 = Release|Any CPU
		{4C7E561A-2F26-48C5-8DDD-6A732BED23ED}.Debug|Any CPU.ActiveCfg = Debug|Any CPU
		{4C7E561A-2F26-48C5-8DDD-6A732BED23ED}.Debug|Any CPU.Build.0 = Debug|Any CPU
		{4C7E561A-2F26-48C5-8DDD-6A732BED23ED}.Release|Any CPU.ActiveCfg = Release|Any CPU
		{4C7E561A-2F26-48C5-8DDD-6A732BED23ED}.Release|Any CPU.Build.0 = Release|Any CPU
		{C4210B16-F7A8-46CB-AF4B-90CCBB820BC7}.Debug|Any CPU.ActiveCfg = Debug|Any CPU
		{C4210B16-F7A8-46CB-AF4B-90CCBB820BC7}.Debug|Any CPU.Build.0 = Debug|Any CPU
		{C4210B16-F7A8-46CB-AF4B-90CCBB820BC7}.Release|Any CPU.ActiveCfg = Release|Any CPU
		{C4210B16-F7A8-46CB-AF4B-90CCBB820BC7}.Release|Any CPU.Build.0 = Release|Any CPU
		{8CD311CA-430A-421E-9CF8-E78E676D8A54}.Debug|Any CPU.ActiveCfg = Debug|Any CPU
		{8CD311CA-430A-421E-9CF8-E78E676D8A54}.Debug|Any CPU.Build.0 = Debug|Any CPU
		{8CD311CA-430A-421E-9CF8-E78E676D8A54}.Release|Any CPU.ActiveCfg = Release|Any CPU
		{8CD311CA-430A-421E-9CF8-E78E676D8A54}.Release|Any CPU.Build.0 = Release|Any CPU
		{84CE59E1-40F2-4A4E-B51A-F39142911E6F}.Debug|Any CPU.ActiveCfg = Debug|Any CPU
		{84CE59E1-40F2-4A4E-B51A-F39142911E6F}.Debug|Any CPU.Build.0 = Debug|Any CPU
		{84CE59E1-40F2-4A4E-B51A-F39142911E6F}.Release|Any CPU.ActiveCfg = Release|Any CPU
		{84CE59E1-40F2-4A4E-B51A-F39142911E6F}.Release|Any CPU.Build.0 = Release|Any CPU
		{899766D6-7525-4F43-90BA-01C427919EA0}.Debug|Any CPU.ActiveCfg = Debug|Any CPU
		{899766D6-7525-4F43-90BA-01C427919EA0}.Debug|Any CPU.Build.0 = Debug|Any CPU
		{899766D6-7525-4F43-90BA-01C427919EA0}.Release|Any CPU.ActiveCfg = Release|Any CPU
		{899766D6-7525-4F43-90BA-01C427919EA0}.Release|Any CPU.Build.0 = Release|Any CPU
		{685B54BC-6E55-490B-9945-D7E40779CE61}.Debug|Any CPU.ActiveCfg = Debug|Any CPU
		{685B54BC-6E55-490B-9945-D7E40779CE61}.Debug|Any CPU.Build.0 = Debug|Any CPU
		{685B54BC-6E55-490B-9945-D7E40779CE61}.Release|Any CPU.ActiveCfg = Release|Any CPU
		{685B54BC-6E55-490B-9945-D7E40779CE61}.Release|Any CPU.Build.0 = Release|Any CPU
		{7EF46F8A-7946-4FDA-AF6F-4F80EEB2FADA}.Debug|Any CPU.ActiveCfg = Debug|Any CPU
		{7EF46F8A-7946-4FDA-AF6F-4F80EEB2FADA}.Debug|Any CPU.Build.0 = Debug|Any CPU
		{7EF46F8A-7946-4FDA-AF6F-4F80EEB2FADA}.Release|Any CPU.ActiveCfg = Release|Any CPU
		{7EF46F8A-7946-4FDA-AF6F-4F80EEB2FADA}.Release|Any CPU.Build.0 = Release|Any CPU
		{A4C0EB14-6584-4CBF-B3AA-0329828C3566}.Debug|Any CPU.ActiveCfg = Debug|Any CPU
		{A4C0EB14-6584-4CBF-B3AA-0329828C3566}.Debug|Any CPU.Build.0 = Debug|Any CPU
		{A4C0EB14-6584-4CBF-B3AA-0329828C3566}.Release|Any CPU.ActiveCfg = Release|Any CPU
		{A4C0EB14-6584-4CBF-B3AA-0329828C3566}.Release|Any CPU.Build.0 = Release|Any CPU
	EndGlobalSection
	GlobalSection(SolutionProperties) = preSolution
		HideSolutionNode = FALSE
	EndGlobalSection
	GlobalSection(NestedProjects) = preSolution
		{C5087285-DE0D-46B3-A1DE-F56339413643} = {F0875371-D5F8-4C48-B40E-94194911B9BD}
		{383EC3CB-977C-4F9D-87DF-DC4F7EAD41AD} = {F0875371-D5F8-4C48-B40E-94194911B9BD}
		{C455F9E3-4DFA-4BA0-8CB5-8590BF253FDF} = {F0875371-D5F8-4C48-B40E-94194911B9BD}
		{9C613718-02B8-47FC-BA39-12008755691C} = {540DE6A8-779A-47D6-A313-F83DA634CE29}
		{2DBC5DAA-A45C-40FA-B9BE-6B0977A3E6E5} = {540DE6A8-779A-47D6-A313-F83DA634CE29}
		{AFD02338-8C1C-43E9-A334-44374FDD4F86} = {540DE6A8-779A-47D6-A313-F83DA634CE29}
		{0D8D118B-F832-4715-81AD-2CAD67613379} = {4233E33F-50BE-42D5-8243-645DE4E548E8}
		{CDAEA2CE-9768-4BF6-9531-B239825058B6} = {4233E33F-50BE-42D5-8243-645DE4E548E8}
		{A8A4BAC9-5818-47C3-B62A-9822C89A084B} = {4233E33F-50BE-42D5-8243-645DE4E548E8}
		{8AD5A7D2-7969-44DE-988D-5D055400B720} = {4D270C31-EB15-4018-B0DE-4BEC2EA35A3F}
		{906EBD99-C00E-450E-B32D-0137FF9F7368} = {4D270C31-EB15-4018-B0DE-4BEC2EA35A3F}
		{4269C3E8-E3C9-4CDF-9610-1F60EEF99711} = {4D270C31-EB15-4018-B0DE-4BEC2EA35A3F}
		{4AA800B9-3667-4F80-96E1-7D93F5664BB4} = {FAED0C07-61F4-4F06-B00A-D1D58403DA89}
		{349380EC-B8C1-4354-B704-DDDE3B047A1C} = {FAED0C07-61F4-4F06-B00A-D1D58403DA89}
		{44E6FAB2-2DE1-414A-B556-DBB17A9E788F} = {FAED0C07-61F4-4F06-B00A-D1D58403DA89}
		{7CDD331A-EEFC-434E-900B-F3D1FCB7F927} = {0B3371F6-5D3A-424A-A5F8-444FAE47094B}
		{DB8FB645-C0A3-426B-9B1B-B33F4091CA5E} = {0B3371F6-5D3A-424A-A5F8-444FAE47094B}
		{9F48EF50-888F-4969-B9BC-A4A175A43DB2} = {0B3371F6-5D3A-424A-A5F8-444FAE47094B}
		{11C79E15-6DBF-45EB-B0EB-43534D46D3C9} = {7B7D8A68-A9D4-4A92-8AAE-0F573C333216}
		{5E6AB58C-931E-4A2C-8D18-A6E56B208DA4} = {7B7D8A68-A9D4-4A92-8AAE-0F573C333216}
		{6819C838-784A-4948-BE2A-46F06809F9C9} = {7B7D8A68-A9D4-4A92-8AAE-0F573C333216}
		{AAC39F20-2DE3-4BA1-AEAB-66E833E67778} = {19B17F26-38AA-4452-817F-806B86D378E9}
		{DB30C4EE-56E1-4B1E-B1FE-C1899F9759D9} = {19B17F26-38AA-4452-817F-806B86D378E9}
		{86B883E9-012F-41F3-B6D1-4F4FEB4D7F8B} = {19B17F26-38AA-4452-817F-806B86D378E9}
		{B3745D00-8702-46BC-8172-E8785CC956AD} = {5C95CCD3-6F89-40AB-8B43-DF9D994E0107}
		{FA80EEAC-0AA5-490D-ADD9-F6108784C348} = {5C95CCD3-6F89-40AB-8B43-DF9D994E0107}
		{C42FEBB9-206A-4C03-A544-B01F0D70A5FB} = {5C95CCD3-6F89-40AB-8B43-DF9D994E0107}
		{A52FC2F2-501C-4BCD-8A26-3A5DFB1A3A7D} = {47C94F83-93E4-4CBA-AB45-80A1F7F5B0B4}
		{700878E0-79BC-47F2-AA6B-BFC9729E7B59} = {47C94F83-93E4-4CBA-AB45-80A1F7F5B0B4}
		{23179C51-1947-403A-A438-3FF85ECCA01A} = {47C94F83-93E4-4CBA-AB45-80A1F7F5B0B4}
		{75AACAC4-2A29-4D4F-96D1-4BD0AA62ABCC} = {F2DF8D5B-D476-4A32-91F0-56E6EEA13F84}
		{D423C992-27BA-4C38-8C11-00865D7F90F5} = {F2DF8D5B-D476-4A32-91F0-56E6EEA13F84}
		{DF96F144-96EE-4879-9941-51C486A82B98} = {F2DF8D5B-D476-4A32-91F0-56E6EEA13F84}
		{2A61A6D8-8ED6-4966-A2CB-73407F6F6C04} = {0435A50D-EDF5-424C-B212-F0D638BB13F3}
		{31EBD307-D290-47A9-B59B-AB8CDDB6D571} = {0435A50D-EDF5-424C-B212-F0D638BB13F3}
		{D5C79554-3B58-4F2C-9880-BD661AC991E8} = {0435A50D-EDF5-424C-B212-F0D638BB13F3}
		{ADC9DB4B-882C-443C-A515-5997D8769EC4} = {39E51832-0E0D-44E9-8CD9-715383650C65}
		{4C7E561A-2F26-48C5-8DDD-6A732BED23ED} = {39E51832-0E0D-44E9-8CD9-715383650C65}
		{C4210B16-F7A8-46CB-AF4B-90CCBB820BC7} = {39E51832-0E0D-44E9-8CD9-715383650C65}
		{8CD311CA-430A-421E-9CF8-E78E676D8A54} = {0D456741-281A-4505-9689-9E9F96BB8103}
		{84CE59E1-40F2-4A4E-B51A-F39142911E6F} = {0D456741-281A-4505-9689-9E9F96BB8103}
		{899766D6-7525-4F43-90BA-01C427919EA0} = {0D456741-281A-4505-9689-9E9F96BB8103}
		{685B54BC-6E55-490B-9945-D7E40779CE61} = {E270C274-5D09-42B0-B041-771031F33887}
		{7EF46F8A-7946-4FDA-AF6F-4F80EEB2FADA} = {E270C274-5D09-42B0-B041-771031F33887}
		{A4C0EB14-6584-4CBF-B3AA-0329828C3566} = {E270C274-5D09-42B0-B041-771031F33887}
	EndGlobalSection
	GlobalSection(ExtensibilityGlobals) = postSolution
		SolutionGuid = {7A19C91E-31FF-4699-9E22-017E552C6ABF}
	EndGlobalSection
EndGlobal
